// !$*UTF8*$!
{
	archiveVersion = 1;
	classes = {
	};
	objectVersion = 55;
	objects = {

/* Begin PBXBuildFile section */
		1447C990288B044400531502 /* ShopTableViewCell.swift in Sources */ = {isa = PBXBuildFile; fileRef = 1447C98F288B044400531502 /* ShopTableViewCell.swift */; };
		1499ADE7287DDAC400C5CDA0 /* AppDelegate.swift in Sources */ = {isa = PBXBuildFile; fileRef = 1499ADE6287DDAC400C5CDA0 /* AppDelegate.swift */; };
		1499ADE9287DDAC400C5CDA0 /* SceneDelegate.swift in Sources */ = {isa = PBXBuildFile; fileRef = 1499ADE8287DDAC400C5CDA0 /* SceneDelegate.swift */; };
		1499ADEB287DDAC400C5CDA0 /* HomeScreenViewController.swift in Sources */ = {isa = PBXBuildFile; fileRef = 1499ADEA287DDAC400C5CDA0 /* HomeScreenViewController.swift */; };
		1499ADEE287DDAC400C5CDA0 /* Main.storyboard in Resources */ = {isa = PBXBuildFile; fileRef = 1499ADEC287DDAC400C5CDA0 /* Main.storyboard */; };
		1499ADF0287DDAC600C5CDA0 /* Assets.xcassets in Resources */ = {isa = PBXBuildFile; fileRef = 1499ADEF287DDAC600C5CDA0 /* Assets.xcassets */; };
		1499ADF3287DDAC600C5CDA0 /* LaunchScreen.storyboard in Resources */ = {isa = PBXBuildFile; fileRef = 1499ADF1287DDAC600C5CDA0 /* LaunchScreen.storyboard */; };
		1499ADFB287DDE3A00C5CDA0 /* DailiesViewController.swift in Sources */ = {isa = PBXBuildFile; fileRef = 1499ADFA287DDE3A00C5CDA0 /* DailiesViewController.swift */; };
		1499ADFD287E1D0800C5CDA0 /* QuestsViewController.swift in Sources */ = {isa = PBXBuildFile; fileRef = 1499ADFC287E1D0800C5CDA0 /* QuestsViewController.swift */; };
		1499ADFF287E256100C5CDA0 /* ShopViewController.swift in Sources */ = {isa = PBXBuildFile; fileRef = 1499ADFE287E256000C5CDA0 /* ShopViewController.swift */; };
		1499AE01287E25AB00C5CDA0 /* AchievementsViewController.swift in Sources */ = {isa = PBXBuildFile; fileRef = 1499AE00287E25AB00C5CDA0 /* AchievementsViewController.swift */; };
		1499AE03287E4B8400C5CDA0 /* CategoryViewController.swift in Sources */ = {isa = PBXBuildFile; fileRef = 1499AE02287E4B8400C5CDA0 /* CategoryViewController.swift */; };
		1499AE07287E4F1D00C5CDA0 /* App.swift in Sources */ = {isa = PBXBuildFile; fileRef = 1499AE06287E4F1D00C5CDA0 /* App.swift */; };
/* End PBXBuildFile section */

/* Begin PBXFileReference section */
		1447C98F288B044400531502 /* ShopTableViewCell.swift */ = {isa = PBXFileReference; lastKnownFileType = sourcecode.swift; path = ShopTableViewCell.swift; sourceTree = "<group>"; };
		1499ADE3287DDAC400C5CDA0 /* Resolute.app */ = {isa = PBXFileReference; explicitFileType = wrapper.application; includeInIndex = 0; path = Resolute.app; sourceTree = BUILT_PRODUCTS_DIR; };
		1499ADE6287DDAC400C5CDA0 /* AppDelegate.swift */ = {isa = PBXFileReference; lastKnownFileType = sourcecode.swift; path = AppDelegate.swift; sourceTree = "<group>"; };
		1499ADE8287DDAC400C5CDA0 /* SceneDelegate.swift */ = {isa = PBXFileReference; lastKnownFileType = sourcecode.swift; path = SceneDelegate.swift; sourceTree = "<group>"; };
		1499ADEA287DDAC400C5CDA0 /* HomeScreenViewController.swift */ = {isa = PBXFileReference; lastKnownFileType = sourcecode.swift; path = HomeScreenViewController.swift; sourceTree = "<group>"; };
		1499ADED287DDAC400C5CDA0 /* Base */ = {isa = PBXFileReference; lastKnownFileType = file.storyboard; name = Base; path = Base.lproj/Main.storyboard; sourceTree = "<group>"; };
		1499ADEF287DDAC600C5CDA0 /* Assets.xcassets */ = {isa = PBXFileReference; lastKnownFileType = folder.assetcatalog; path = Assets.xcassets; sourceTree = "<group>"; };
		1499ADF2287DDAC600C5CDA0 /* Base */ = {isa = PBXFileReference; lastKnownFileType = file.storyboard; name = Base; path = Base.lproj/LaunchScreen.storyboard; sourceTree = "<group>"; };
		1499ADF4287DDAC600C5CDA0 /* Info.plist */ = {isa = PBXFileReference; lastKnownFileType = text.plist.xml; path = Info.plist; sourceTree = "<group>"; };
		1499ADFA287DDE3A00C5CDA0 /* DailiesViewController.swift */ = {isa = PBXFileReference; lastKnownFileType = sourcecode.swift; path = DailiesViewController.swift; sourceTree = "<group>"; };
		1499ADFC287E1D0800C5CDA0 /* QuestsViewController.swift */ = {isa = PBXFileReference; lastKnownFileType = sourcecode.swift; path = QuestsViewController.swift; sourceTree = "<group>"; };
		1499ADFE287E256000C5CDA0 /* ShopViewController.swift */ = {isa = PBXFileReference; lastKnownFileType = sourcecode.swift; path = ShopViewController.swift; sourceTree = "<group>"; };
		1499AE00287E25AB00C5CDA0 /* AchievementsViewController.swift */ = {isa = PBXFileReference; lastKnownFileType = sourcecode.swift; path = AchievementsViewController.swift; sourceTree = "<group>"; };
		1499AE02287E4B8400C5CDA0 /* CategoryViewController.swift */ = {isa = PBXFileReference; lastKnownFileType = sourcecode.swift; path = CategoryViewController.swift; sourceTree = "<group>"; };
		1499AE06287E4F1D00C5CDA0 /* App.swift */ = {isa = PBXFileReference; lastKnownFileType = sourcecode.swift; path = App.swift; sourceTree = "<group>"; };
/* End PBXFileReference section */

/* Begin PBXFrameworksBuildPhase section */
		1499ADE0287DDAC400C5CDA0 /* Frameworks */ = {
			isa = PBXFrameworksBuildPhase;
			buildActionMask = 2147483647;
			files = (
			);
			runOnlyForDeploymentPostprocessing = 0;
		};
/* End PBXFrameworksBuildPhase section */

/* Begin PBXGroup section */
		1499ADDA287DDAC400C5CDA0 = {
			isa = PBXGroup;
			children = (
				1499ADE5287DDAC400C5CDA0 /* Resolute */,
				1499ADE4287DDAC400C5CDA0 /* Products */,
			);
			sourceTree = "<group>";
		};
		1499ADE4287DDAC400C5CDA0 /* Products */ = {
			isa = PBXGroup;
			children = (
				1499ADE3287DDAC400C5CDA0 /* Resolute.app */,
			);
			name = Products;
			sourceTree = "<group>";
		};
		1499ADE5287DDAC400C5CDA0 /* Resolute */ = {
			isa = PBXGroup;
			children = (
				1499ADE6287DDAC400C5CDA0 /* AppDelegate.swift */,
				1499ADE8287DDAC400C5CDA0 /* SceneDelegate.swift */,
				1499ADEA287DDAC400C5CDA0 /* HomeScreenViewController.swift */,
				1499ADEC287DDAC400C5CDA0 /* Main.storyboard */,
				1499ADEF287DDAC600C5CDA0 /* Assets.xcassets */,
				1499ADF1287DDAC600C5CDA0 /* LaunchScreen.storyboard */,
				1499ADF4287DDAC600C5CDA0 /* Info.plist */,
				1499ADFA287DDE3A00C5CDA0 /* DailiesViewController.swift */,
				1499ADFC287E1D0800C5CDA0 /* QuestsViewController.swift */,
				1499AE00287E25AB00C5CDA0 /* AchievementsViewController.swift */,
				1499ADFE287E256000C5CDA0 /* ShopViewController.swift */,
				1499AE02287E4B8400C5CDA0 /* CategoryViewController.swift */,
				1499AE06287E4F1D00C5CDA0 /* App.swift */,
				1447C98F288B044400531502 /* ShopTableViewCell.swift */,
			);
			path = Resolute;
			sourceTree = "<group>";
		};
/* End PBXGroup section */

/* Begin PBXNativeTarget section */
		1499ADE2287DDAC400C5CDA0 /* Resolute */ = {
			isa = PBXNativeTarget;
			buildConfigurationList = 1499ADF7287DDAC600C5CDA0 /* Build configuration list for PBXNativeTarget "Resolute" */;
			buildPhases = (
				1499ADDF287DDAC400C5CDA0 /* Sources */,
				1499ADE0287DDAC400C5CDA0 /* Frameworks */,
				1499ADE1287DDAC400C5CDA0 /* Resources */,
			);
			buildRules = (
			);
			dependencies = (
			);
			name = Resolute;
			productName = Resolute;
			productReference = 1499ADE3287DDAC400C5CDA0 /* Resolute.app */;
			productType = "com.apple.product-type.application";
		};
/* End PBXNativeTarget section */

/* Begin PBXProject section */
		1499ADDB287DDAC400C5CDA0 /* Project object */ = {
			isa = PBXProject;
			attributes = {
				BuildIndependentTargetsInParallel = 1;
				LastSwiftUpdateCheck = 1340;
				LastUpgradeCheck = 1340;
				TargetAttributes = {
					1499ADE2287DDAC400C5CDA0 = {
						CreatedOnToolsVersion = 13.4.1;
					};
				};
			};
			buildConfigurationList = 1499ADDE287DDAC400C5CDA0 /* Build configuration list for PBXProject "Resolute" */;
			compatibilityVersion = "Xcode 13.0";
			developmentRegion = en;
			hasScannedForEncodings = 0;
			knownRegions = (
				en,
				Base,
			);
			mainGroup = 1499ADDA287DDAC400C5CDA0;
			productRefGroup = 1499ADE4287DDAC400C5CDA0 /* Products */;
			projectDirPath = "";
			projectRoot = "";
			targets = (
				1499ADE2287DDAC400C5CDA0 /* Resolute */,
			);
		};
/* End PBXProject section */

/* Begin PBXResourcesBuildPhase section */
		1499ADE1287DDAC400C5CDA0 /* Resources */ = {
			isa = PBXResourcesBuildPhase;
			buildActionMask = 2147483647;
			files = (
				1499ADF3287DDAC600C5CDA0 /* LaunchScreen.storyboard in Resources */,
				1499ADF0287DDAC600C5CDA0 /* Assets.xcassets in Resources */,
				1499ADEE287DDAC400C5CDA0 /* Main.storyboard in Resources */,
			);
			runOnlyForDeploymentPostprocessing = 0;
		};
/* End PBXResourcesBuildPhase section */

/* Begin PBXSourcesBuildPhase section */
		1499ADDF287DDAC400C5CDA0 /* Sources */ = {
			isa = PBXSourcesBuildPhase;
			buildActionMask = 2147483647;
			files = (
				1499ADFB287DDE3A00C5CDA0 /* DailiesViewController.swift in Sources */,
				1499ADEB287DDAC400C5CDA0 /* HomeScreenViewController.swift in Sources */,
				1499AE03287E4B8400C5CDA0 /* CategoryViewController.swift in Sources */,
				1499AE07287E4F1D00C5CDA0 /* App.swift in Sources */,
				1499ADFF287E256100C5CDA0 /* ShopViewController.swift in Sources */,
				1447C990288B044400531502 /* ShopTableViewCell.swift in Sources */,
				1499ADE7287DDAC400C5CDA0 /* AppDelegate.swift in Sources */,
				1499ADE9287DDAC400C5CDA0 /* SceneDelegate.swift in Sources */,
				1499AE01287E25AB00C5CDA0 /* AchievementsViewController.swift in Sources */,
				1499ADFD287E1D0800C5CDA0 /* QuestsViewController.swift in Sources */,
			);
			runOnlyForDeploymentPostprocessing = 0;
		};
/* End PBXSourcesBuildPhase section */

/* Begin PBXVariantGroup section */
		1499ADEC287DDAC400C5CDA0 /* Main.storyboard */ = {
			isa = PBXVariantGroup;
			children = (
				1499ADED287DDAC400C5CDA0 /* Base */,
			);
			name = Main.storyboard;
			sourceTree = "<group>";
		};
		1499ADF1287DDAC600C5CDA0 /* LaunchScreen.storyboard */ = {
			isa = PBXVariantGroup;
			children = (
				1499ADF2287DDAC600C5CDA0 /* Base */,
			);
			name = LaunchScreen.storyboard;
			sourceTree = "<group>";
		};
/* End PBXVariantGroup section */

/* Begin XCBuildConfiguration section */
		1499ADF5287DDAC600C5CDA0 /* Debug */ = {
			isa = XCBuildConfiguration;
			buildSettings = {
				ALWAYS_SEARCH_USER_PATHS = NO;
				CLANG_ANALYZER_NONNULL = YES;
				CLANG_ANALYZER_NUMBER_OBJECT_CONVERSION = YES_AGGRESSIVE;
				CLANG_CXX_LANGUAGE_STANDARD = "gnu++17";
				CLANG_ENABLE_MODULES = YES;
				CLANG_ENABLE_OBJC_ARC = YES;
				CLANG_ENABLE_OBJC_WEAK = YES;
				CLANG_WARN_BLOCK_CAPTURE_AUTORELEASING = YES;
				CLANG_WARN_BOOL_CONVERSION = YES;
				CLANG_WARN_COMMA = YES;
				CLANG_WARN_CONSTANT_CONVERSION = YES;
				CLANG_WARN_DEPRECATED_OBJC_IMPLEMENTATIONS = YES;
				CLANG_WARN_DIRECT_OBJC_ISA_USAGE = YES_ERROR;
				CLANG_WARN_DOCUMENTATION_COMMENTS = YES;
				CLANG_WARN_EMPTY_BODY = YES;
				CLANG_WARN_ENUM_CONVERSION = YES;
				CLANG_WARN_INFINITE_RECURSION = YES;
				CLANG_WARN_INT_CONVERSION = YES;
				CLANG_WARN_NON_LITERAL_NULL_CONVERSION = YES;
				CLANG_WARN_OBJC_IMPLICIT_RETAIN_SELF = YES;
				CLANG_WARN_OBJC_LITERAL_CONVERSION = YES;
				CLANG_WARN_OBJC_ROOT_CLASS = YES_ERROR;
				CLANG_WARN_QUOTED_INCLUDE_IN_FRAMEWORK_HEADER = YES;
				CLANG_WARN_RANGE_LOOP_ANALYSIS = YES;
				CLANG_WARN_STRICT_PROTOTYPES = YES;
				CLANG_WARN_SUSPICIOUS_MOVE = YES;
				CLANG_WARN_UNGUARDED_AVAILABILITY = YES_AGGRESSIVE;
				CLANG_WARN_UNREACHABLE_CODE = YES;
				CLANG_WARN__DUPLICATE_METHOD_MATCH = YES;
				COPY_PHASE_STRIP = NO;
				DEBUG_INFORMATION_FORMAT = dwarf;
				ENABLE_STRICT_OBJC_MSGSEND = YES;
				ENABLE_TESTABILITY = YES;
				GCC_C_LANGUAGE_STANDARD = gnu11;
				GCC_DYNAMIC_NO_PIC = NO;
				GCC_NO_COMMON_BLOCKS = YES;
				GCC_OPTIMIZATION_LEVEL = 0;
				GCC_PREPROCESSOR_DEFINITIONS = (
					"DEBUG=1",
					"$(inherited)",
				);
				GCC_WARN_64_TO_32_BIT_CONVERSION = YES;
				GCC_WARN_ABOUT_RETURN_TYPE = YES_ERROR;
				GCC_WARN_UNDECLARED_SELECTOR = YES;
				GCC_WARN_UNINITIALIZED_AUTOS = YES_AGGRESSIVE;
				GCC_WARN_UNUSED_FUNCTION = YES;
				GCC_WARN_UNUSED_VARIABLE = YES;
				IPHONEOS_DEPLOYMENT_TARGET = 15.5;
				MTL_ENABLE_DEBUG_INFO = INCLUDE_SOURCE;
				MTL_FAST_MATH = YES;
				ONLY_ACTIVE_ARCH = YES;
				SDKROOT = iphoneos;
				SWIFT_ACTIVE_COMPILATION_CONDITIONS = DEBUG;
				SWIFT_OPTIMIZATION_LEVEL = "-Onone";
			};
			name = Debug;
		};
		1499ADF6287DDAC600C5CDA0 /* Release */ = {
			isa = XCBuildConfiguration;
			buildSettings = {
				ALWAYS_SEARCH_USER_PATHS = NO;
				CLANG_ANALYZER_NONNULL = YES;
				CLANG_ANALYZER_NUMBER_OBJECT_CONVERSION = YES_AGGRESSIVE;
				CLANG_CXX_LANGUAGE_STANDARD = "gnu++17";
				CLANG_ENABLE_MODULES = YES;
				CLANG_ENABLE_OBJC_ARC = YES;
				CLANG_ENABLE_OBJC_WEAK = YES;
				CLANG_WARN_BLOCK_CAPTURE_AUTORELEASING = YES;
				CLANG_WARN_BOOL_CONVERSION = YES;
				CLANG_WARN_COMMA = YES;
				CLANG_WARN_CONSTANT_CONVERSION = YES;
				CLANG_WARN_DEPRECATED_OBJC_IMPLEMENTATIONS = YES;
				CLANG_WARN_DIRECT_OBJC_ISA_USAGE = YES_ERROR;
				CLANG_WARN_DOCUMENTATION_COMMENTS = YES;
				CLANG_WARN_EMPTY_BODY = YES;
				CLANG_WARN_ENUM_CONVERSION = YES;
				CLANG_WARN_INFINITE_RECURSION = YES;
				CLANG_WARN_INT_CONVERSION = YES;
				CLANG_WARN_NON_LITERAL_NULL_CONVERSION = YES;
				CLANG_WARN_OBJC_IMPLICIT_RETAIN_SELF = YES;
				CLANG_WARN_OBJC_LITERAL_CONVERSION = YES;
				CLANG_WARN_OBJC_ROOT_CLASS = YES_ERROR;
				CLANG_WARN_QUOTED_INCLUDE_IN_FRAMEWORK_HEADER = YES;
				CLANG_WARN_RANGE_LOOP_ANALYSIS = YES;
				CLANG_WARN_STRICT_PROTOTYPES = YES;
				CLANG_WARN_SUSPICIOUS_MOVE = YES;
				CLANG_WARN_UNGUARDED_AVAILABILITY = YES_AGGRESSIVE;
				CLANG_WARN_UNREACHABLE_CODE = YES;
				CLANG_WARN__DUPLICATE_METHOD_MATCH = YES;
				COPY_PHASE_STRIP = NO;
				DEBUG_INFORMATION_FORMAT = "dwarf-with-dsym";
				ENABLE_NS_ASSERTIONS = NO;
				ENABLE_STRICT_OBJC_MSGSEND = YES;
				GCC_C_LANGUAGE_STANDARD = gnu11;
				GCC_NO_COMMON_BLOCKS = YES;
				GCC_WARN_64_TO_32_BIT_CONVERSION = YES;
				GCC_WARN_ABOUT_RETURN_TYPE = YES_ERROR;
				GCC_WARN_UNDECLARED_SELECTOR = YES;
				GCC_WARN_UNINITIALIZED_AUTOS = YES_AGGRESSIVE;
				GCC_WARN_UNUSED_FUNCTION = YES;
				GCC_WARN_UNUSED_VARIABLE = YES;
				IPHONEOS_DEPLOYMENT_TARGET = 15.5;
				MTL_ENABLE_DEBUG_INFO = NO;
				MTL_FAST_MATH = YES;
				SDKROOT = iphoneos;
				SWIFT_COMPILATION_MODE = wholemodule;
				SWIFT_OPTIMIZATION_LEVEL = "-O";
				VALIDATE_PRODUCT = YES;
			};
			name = Release;
		};
		1499ADF8287DDAC600C5CDA0 /* Debug */ = {
			isa = XCBuildConfiguration;
			buildSettings = {
				ASSETCATALOG_COMPILER_APPICON_NAME = AppIcon;
				ASSETCATALOG_COMPILER_GLOBAL_ACCENT_COLOR_NAME = AccentColor;
				CODE_SIGN_STYLE = Automatic;
				CURRENT_PROJECT_VERSION = 1;
				DEVELOPMENT_TEAM = C4HRX8SAF8;
				GENERATE_INFOPLIST_FILE = YES;
				INFOPLIST_FILE = Resolute/Info.plist;
				INFOPLIST_KEY_UIApplicationSupportsIndirectInputEvents = YES;
				INFOPLIST_KEY_UILaunchStoryboardName = LaunchScreen;
				INFOPLIST_KEY_UIMainStoryboardFile = Main;
				INFOPLIST_KEY_UISupportedInterfaceOrientations_iPad = "UIInterfaceOrientationPortrait UIInterfaceOrientationPortraitUpsideDown UIInterfaceOrientationLandscapeLeft UIInterfaceOrientationLandscapeRight";
				INFOPLIST_KEY_UISupportedInterfaceOrientations_iPhone = "UIInterfaceOrientationPortrait UIInterfaceOrientationLandscapeLeft UIInterfaceOrientationLandscapeRight";
				LD_RUNPATH_SEARCH_PATHS = (
					"$(inherited)",
					"@executable_path/Frameworks",
				);
				MARKETING_VERSION = 1.0;
				PRODUCT_BUNDLE_IDENTIFIER = com.example.Resolute;
				PRODUCT_NAME = "$(TARGET_NAME)";
				SWIFT_EMIT_LOC_STRINGS = YES;
				SWIFT_VERSION = 5.0;
				TARGETED_DEVICE_FAMILY = "1,2";
			};
			name = Debug;
		};
		1499ADF9287DDAC600C5CDA0 /* Release */ = {
			isa = XCBuildConfiguration;
			buildSettings = {
				ASSETCATALOG_COMPILER_APPICON_NAME = AppIcon;
				ASSETCATALOG_COMPILER_GLOBAL_ACCENT_COLOR_NAME = AccentColor;
				CODE_SIGN_STYLE = Automatic;
				CURRENT_PROJECT_VERSION = 1;
				DEVELOPMENT_TEAM = C4HRX8SAF8;
				GENERATE_INFOPLIST_FILE = YES;
				INFOPLIST_FILE = Resolute/Info.plist;
				INFOPLIST_KEY_UIApplicationSupportsIndirectInputEvents = YES;
				INFOPLIST_KEY_UILaunchStoryboardName = LaunchScreen;
				INFOPLIST_KEY_UIMainStoryboardFile = Main;
				INFOPLIST_KEY_UISupportedInterfaceOrientations_iPad = "UIInterfaceOrientationPortrait UIInterfaceOrientationPortraitUpsideDown UIInterfaceOrientationLandscapeLeft UIInterfaceOrientationLandscapeRight";
				INFOPLIST_KEY_UISupportedInterfaceOrientations_iPhone = "UIInterfaceOrientationPortrait UIInterfaceOrientationLandscapeLeft UIInterfaceOrientationLandscapeRight";
				LD_RUNPATH_SEARCH_PATHS = (
					"$(inherited)",
					"@executable_path/Frameworks",
				);
				MARKETING_VERSION = 1.0;
				PRODUCT_BUNDLE_IDENTIFIER = com.example.Resolute;
				PRODUCT_NAME = "$(TARGET_NAME)";
				SWIFT_EMIT_LOC_STRINGS = YES;
				SWIFT_VERSION = 5.0;
				TARGETED_DEVICE_FAMILY = "1,2";
			};
			name = Release;
		};
/* End XCBuildConfiguration section */

/* Begin XCConfigurationList section */
		1499ADDE287DDAC400C5CDA0 /* Build configuration list for PBXProject "Resolute" */ = {
			isa = XCConfigurationList;
			buildConfigurations = (
				1499ADF5287DDAC600C5CDA0 /* Debug */,
				1499ADF6287DDAC600C5CDA0 /* Release */,
			);
			defaultConfigurationIsVisible = 0;
			defaultConfigurationName = Release;
		};
		1499ADF7287DDAC600C5CDA0 /* Build configuration list for PBXNativeTarget "Resolute" */ = {
			isa = XCConfigurationList;
			buildConfigurations = (
				1499ADF8287DDAC600C5CDA0 /* Debug */,
				1499ADF9287DDAC600C5CDA0 /* Release */,
			);
			defaultConfigurationIsVisible = 0;
			defaultConfigurationName = Release;
		};
/* End XCConfigurationList section */
	};
	rootObject = 1499ADDB287DDAC400C5CDA0 /* Project object */;
}
